
Microsoft Visual Studio Solution File, Format Version 12.00
# Visual Studio Version 17
VisualStudioVersion = 17.5.002.0
MinimumVisualStudioVersion = 10.0.40219.1
Project("{9A19103F-16F7-4668-BE54-9A1E7A4F7556}") = "backend", "backend.csproj", "{9AF6F055-D878-4255-B5D5-EFE3777CC145}"
EndProject
Global
	GlobalSection(SolutionConfigurationPlatforms) = preSolution
		Debug|Any CPU = Debug|Any CPU
		Release|Any CPU = Release|Any CPU
	EndGlobalSection
	GlobalSection(ProjectConfigurationPlatforms) = postSolution
		{9AF6F055-D878-4255-B5D5-EFE3777CC145}.Debug|Any CPU.ActiveCfg = Debug|Any CPU
		{9AF6F055-D878-4255-B5D5-EFE3777CC145}.Debug|Any CPU.Build.0 = Debug|Any CPU
		{9AF6F055-D878-4255-B5D5-EFE3777CC145}.Release|Any CPU.ActiveCfg = Release|Any CPU
		{9AF6F055-D878-4255-B5D5-EFE3777CC145}.Release|Any CPU.Build.0 = Release|Any CPU
	EndGlobalSection
	GlobalSection(SolutionProperties) = preSolution
		HideSolutionNode = FALSE
	EndGlobalSection
	GlobalSection(ExtensibilityGlobals) = postSolution
		SolutionGuid = {65580F5C-D866-4B26-9C2F-F96C4D1652CE}
	EndGlobalSection
EndGlobal
